{
  "name": "as-bug",
  "version": "1.0.0",
  "lockfileVersion": 1,
  "requires": true,
  "dependencies": {
    "assemblyscript": {
      "version": "0.8.1-nightly.20191219",
      "resolved": "https://registry.npmjs.org/assemblyscript/-/assemblyscript-0.8.1-nightly.20191219.tgz",
      "integrity": "sha512-Lc8xosJt/mhd2SOs0fOR4iAqz3h8t5Pt0Y9N8b0oyD2GTyCnlsip4OEiC2d8d0INgkCbzAWHLp3dhXWmUA7ytQ==",
      "dev": true,
      "requires": {
        "binaryen": "89.0.0-nightly.20191215",
        "long": "^4.0.0"
      }
    },
    "binaryen": {
      "version": "89.0.0-nightly.20191215",
      "resolved": "https://registry.npmjs.org/binaryen/-/binaryen-89.0.0-nightly.20191215.tgz",
      "integrity": "sha512-Do7CxyQGZEY5YvQnUtJJSLcM2L9IruGIogHJGga/hgEFSmSWkoiqNtOiK3Pzw1QIhVBaHw0Qpxs4DnxCdhqTLw==",
      "dev": true
    },
    "long": {
      "version": "4.0.0",
      "resolved": "https://registry.npmjs.org/long/-/long-4.0.0.tgz",
      "integrity": "sha512-XsP+KhQif4bjX1kbuSiySJFNAehNxgLb6hPRGJ9QsUr8ajHkuXGdrHmFUTUUXhDwVX2R5bY4JNZEwbUiMhV+MA==",
      "dev": true
    }
  }
}
